
Microsoft Visual Studio Solution File, Format Version 12.00
# Visual Studio Version 17
VisualStudioVersion = 17.1.32328.378
MinimumVisualStudioVersion = 10.0.40219.1
Project("{FAE04EC0-301F-11D3-BF4B-00C04F79EFBC}") = "Codenadas", "Codenadas\Codenadas.csproj", "{9A014DF2-5AD4-4D58-8230-E1AABA67B86F}"
EndProject
Global
	GlobalSection(SolutionConfigurationPlatforms) = preSolution
		Debug|Any CPU = Debug|Any CPU
		Release|Any CPU = Release|Any CPU
	EndGlobalSection
	GlobalSection(ProjectConfigurationPlatforms) = postSolution
		{9A014DF2-5AD4-4D58-8230-E1AABA67B86F}.Debug|Any CPU.ActiveCfg = Debug|Any CPU
		{9A014DF2-5AD4-4D58-8230-E1AABA67B86F}.Debug|Any CPU.Build.0 = Debug|Any CPU
		{9A014DF2-5AD4-4D58-8230-E1AABA67B86F}.Release|Any CPU.ActiveCfg = Release|Any CPU
		{9A014DF2-5AD4-4D58-8230-E1AABA67B86F}.Release|Any CPU.Build.0 = Release|Any CPU
	EndGlobalSection
	GlobalSection(SolutionProperties) = preSolution
		HideSolutionNode = FALSE
	EndGlobalSection
	GlobalSection(ExtensibilityGlobals) = postSolution
		SolutionGuid = {81A83207-5B8F-43CA-AFEC-A4DADAD1444D}
	EndGlobalSection
EndGlobal
